
Microsoft Visual Studio Solution File, Format Version 12.00
# Visual Studio Version 16
VisualStudioVersion = 16.0.31729.503
MinimumVisualStudioVersion = 10.0.40219.1
Project("{FAE04EC0-301F-11D3-BF4B-00C04F79EFBC}") = "MazeSolver", "MazeSolver\MazeSolver.csproj", "{9C58D1E5-C71C-4440-9C66-6A78C5D74AF4}"
EndProject
Global
	GlobalSection(SolutionConfigurationPlatforms) = preSolution
		Debug|Any CPU = Debug|Any CPU
		Release|Any CPU = Release|Any CPU
	EndGlobalSection
	GlobalSection(ProjectConfigurationPlatforms) = postSolution
		{9C58D1E5-C71C-4440-9C66-6A78C5D74AF4}.Debug|Any CPU.ActiveCfg = Debug|Any CPU
		{9C58D1E5-C71C-4440-9C66-6A78C5D74AF4}.Debug|Any CPU.Build.0 = Debug|Any CPU
		{9C58D1E5-C71C-4440-9C66-6A78C5D74AF4}.Release|Any CPU.ActiveCfg = Release|Any CPU
		{9C58D1E5-C71C-4440-9C66-6A78C5D74AF4}.Release|Any CPU.Build.0 = Release|Any CPU
	EndGlobalSection
	GlobalSection(SolutionProperties) = preSolution
		HideSolutionNode = FALSE
	EndGlobalSection
	GlobalSection(ExtensibilityGlobals) = postSolution
		SolutionGuid = {D438E23A-39AE-4489-9EEC-CD2732AEDE40}
	EndGlobalSection
EndGlobal
